
Microsoft Visual Studio Solution File, Format Version 12.00
# Visual Studio Version 17
VisualStudioVersion = 17.14.36310.24 d17.14
MinimumVisualStudioVersion = 10.0.40219.1
Project("{FAE04EC0-301F-11D3-BF4B-00C04F79EFBC}") = "WindowsFormsApp1", "WindowsFormsApp1\WindowsFormsApp1.csproj", "{3098160A-047E-4B03-9D99-CB9A1FACFDF4}"
EndProject
Global
	GlobalSection(SolutionConfigurationPlatforms) = preSolution
		Debug|Any CPU = Debug|Any CPU
		Release|Any CPU = Release|Any CPU
	EndGlobalSection
	GlobalSection(ProjectConfigurationPlatforms) = postSolution
		{3098160A-047E-4B03-9D99-CB9A1FACFDF4}.Debug|Any CPU.ActiveCfg = Debug|Any CPU
		{3098160A-047E-4B03-9D99-CB9A1FACFDF4}.Debug|Any CPU.Build.0 = Debug|Any CPU
		{3098160A-047E-4B03-9D99-CB9A1FACFDF4}.Release|Any CPU.ActiveCfg = Release|Any CPU
		{3098160A-047E-4B03-9D99-CB9A1FACFDF4}.Release|Any CPU.Build.0 = Release|Any CPU
	EndGlobalSection
	GlobalSection(SolutionProperties) = preSolution
		HideSolutionNode = FALSE
	EndGlobalSection
	GlobalSection(ExtensibilityGlobals) = postSolution
		SolutionGuid = {7A8EE9ED-6168-4545-AA80-2E39CD0A2C71}
	EndGlobalSection
EndGlobal
